
Microsoft Visual Studio Solution File, Format Version 12.00
# Visual Studio 15
VisualStudioVersion = 15.0.26730.3
MinimumVisualStudioVersion = 10.0.40219.1
Project("{FAE04EC0-301F-11D3-BF4B-00C04F79EFBC}") = "StudInfoOlympicAndСompetition", "StudInfoOlympicAndСompetition\StudInfoOlympicAndСompetition.csproj", "{142CB0DD-75D7-4F1C-9AFE-7C613070D4D3}"
EndProject
Global
	GlobalSection(SolutionConfigurationPlatforms) = preSolution
		Debug|Any CPU = Debug|Any CPU
		Release|Any CPU = Release|Any CPU
	EndGlobalSection
	GlobalSection(ProjectConfigurationPlatforms) = postSolution
		{142CB0DD-75D7-4F1C-9AFE-7C613070D4D3}.Debug|Any CPU.ActiveCfg = Debug|Any CPU
		{142CB0DD-75D7-4F1C-9AFE-7C613070D4D3}.Debug|Any CPU.Build.0 = Debug|Any CPU
		{142CB0DD-75D7-4F1C-9AFE-7C613070D4D3}.Release|Any CPU.ActiveCfg = Release|Any CPU
		{142CB0DD-75D7-4F1C-9AFE-7C613070D4D3}.Release|Any CPU.Build.0 = Release|Any CPU
	EndGlobalSection
	GlobalSection(SolutionProperties) = preSolution
		HideSolutionNode = FALSE
	EndGlobalSection
	GlobalSection(ExtensibilityGlobals) = postSolution
		SolutionGuid = {8EB3E341-A9CA-4FAC-BD0C-C20CD1BDB997}
	EndGlobalSection
EndGlobal
